
Microsoft Visual Studio Solution File, Format Version 12.00
# Visual Studio Version 17
VisualStudioVersion = 17.5.002.0
MinimumVisualStudioVersion = 10.0.40219.1
Project("{9A19103F-16F7-4668-BE54-9A1E7A4F7556}") = "Start", "Start.csproj", "{50E7043A-5D8D-4664-AFC5-9F9B4DF51977}"
EndProject
Project("{2150E333-8FDC-42A3-9474-1A3956D46DE8}") = "Files", "Files", "{C4882534-24E7-4D11-83B7-4849C423094D}"
EndProject
Project("{9A19103F-16F7-4668-BE54-9A1E7A4F7556}") = "CreateFiles", "Files\CreateFiles\CreateFiles.csproj", "{118A5C47-FD6C-423B-9964-0B1768877102}"
EndProject
Project("{9A19103F-16F7-4668-BE54-9A1E7A4F7556}") = "Directories", "Files\Directories\Directories.csproj", "{7325271E-87FC-45E4-8CC1-E2A6843CFC1D}"
EndProject
Project("{9A19103F-16F7-4668-BE54-9A1E7A4F7556}") = "FileInfo", "Files\FileInfo\FileInfo.csproj", "{0D2E7221-11A0-47B7-AFD8-5FCE9A2757B5}"
EndProject
Project("{9A19103F-16F7-4668-BE54-9A1E7A4F7556}") = "ReadWriteFiles", "Files\ReadWriteFiles\ReadWriteFiles.csproj", "{C7C325A3-291C-48DD-8256-86E674EEB2EC}"
EndProject
Project("{2150E333-8FDC-42A3-9474-1A3956D46DE8}") = "NumbersDates", "NumbersDates", "{5504B481-2DB2-45A4-A08B-46AB89E55894}"
EndProject
Project("{9A19103F-16F7-4668-BE54-9A1E7A4F7556}") = "DateTimeClass", "NumbersDates\DateTimeClass\DateTimeClass.csproj", "{623A8E6A-7E1F-429B-A6F2-6E159452CAA6}"
EndProject
Project("{9A19103F-16F7-4668-BE54-9A1E7A4F7556}") = "FormatDates", "NumbersDates\FormatDates\FormatDates.csproj", "{F9445BA0-7EC0-4A70-ADD1-8CBBDFBC10EE}"
EndProject
Project("{9A19103F-16F7-4668-BE54-9A1E7A4F7556}") = "FormatNumbers", "NumbersDates\FormatNumbers\FormatNumbers.csproj", "{95BF6851-D383-4938-83A3-0DFAF365FBF2}"
EndProject
Project("{9A19103F-16F7-4668-BE54-9A1E7A4F7556}") = "ParseDates", "NumbersDates\ParseDates\ParseDates.csproj", "{9AE3178A-3704-414C-BB42-C7B3108B7452}"
EndProject
Project("{9A19103F-16F7-4668-BE54-9A1E7A4F7556}") = "ParseNumbers", "NumbersDates\ParseNumbers\ParseNumbers.csproj", "{D45DCA55-132E-4E24-8749-9A117C3F31B2}"
EndProject
Project("{2150E333-8FDC-42A3-9474-1A3956D46DE8}") = "Overview", "Overview", "{590F9713-7071-419A-BE17-8AA3515357AC}"
EndProject
Project("{9A19103F-16F7-4668-BE54-9A1E7A4F7556}") = "DataTypes", "Overview\DataTypes\DataTypes.csproj", "{36DEF7B7-AC6D-4D13-9A89-48EF963F79A2}"
EndProject
Project("{9A19103F-16F7-4668-BE54-9A1E7A4F7556}") = "GarbageCollect", "Overview\GarbageCollect\GarbageCollect.csproj", "{A5979C5E-1A04-4A5C-B5C5-D39493DA07D0}"
EndProject
Project("{9A19103F-16F7-4668-BE54-9A1E7A4F7556}") = "MyConsoleApp", "Overview\MyConsoleApp\MyConsoleApp.csproj", "{9A6AEBCC-F045-4A60-B541-CB07F13CB9C8}"
EndProject
Project("{2150E333-8FDC-42A3-9474-1A3956D46DE8}") = "Regex", "Regex", "{171F645B-5C39-49E3-8DE7-7AC102BFC676}"
EndProject
Project("{9A19103F-16F7-4668-BE54-9A1E7A4F7556}") = "Finding", "Regex\Finding\Finding.csproj", "{650E357C-C084-4898-AB15-0D267EFBE91F}"
EndProject
Project("{9A19103F-16F7-4668-BE54-9A1E7A4F7556}") = "Replacing", "Regex\Replacing\Replacing.csproj", "{0DBB020F-1438-4817-B951-8C61FD2AB93A}"
EndProject
Project("{9A19103F-16F7-4668-BE54-9A1E7A4F7556}") = "RegexTimeouts", "Regex\Timeouts\RegexTimeouts.csproj", "{88D4F619-338F-48DE-8A58-8D4BA483203B}"
EndProject
Project("{2150E333-8FDC-42A3-9474-1A3956D46DE8}") = "Strings", "Strings", "{2D88D303-654C-4107-B26A-4B44BD80C0F1}"
EndProject
Project("{9A19103F-16F7-4668-BE54-9A1E7A4F7556}") = "Formatting", "Strings\Formatting\Formatting.csproj", "{313A2554-BAE3-41A9-B5D2-4E7BE26BF6CF}"
EndProject
Project("{9A19103F-16F7-4668-BE54-9A1E7A4F7556}") = "Interpolation", "Strings\Interpolation\Interpolation.csproj", "{A220029B-1097-4CD8-B27F-3EE924C3923F}"
EndProject
Project("{9A19103F-16F7-4668-BE54-9A1E7A4F7556}") = "Manipulation", "Strings\Manipulation\Manipulation.csproj", "{904D14B8-58A8-40AE-A97B-3CB4453CB217}"
EndProject
Project("{9A19103F-16F7-4668-BE54-9A1E7A4F7556}") = "Searching", "Strings\Searching\Searching.csproj", "{003AC912-00A3-4046-9169-CE11F1CA7F1F}"
EndProject
Global
	GlobalSection(SolutionConfigurationPlatforms) = preSolution
		Debug|Any CPU = Debug|Any CPU
		Release|Any CPU = Release|Any CPU
	EndGlobalSection
	GlobalSection(ProjectConfigurationPlatforms) = postSolution
		{50E7043A-5D8D-4664-AFC5-9F9B4DF51977}.Debug|Any CPU.ActiveCfg = Debug|Any CPU
		{50E7043A-5D8D-4664-AFC5-9F9B4DF51977}.Debug|Any CPU.Build.0 = Debug|Any CPU
		{50E7043A-5D8D-4664-AFC5-9F9B4DF51977}.Release|Any CPU.ActiveCfg = Release|Any CPU
		{50E7043A-5D8D-4664-AFC5-9F9B4DF51977}.Release|Any CPU.Build.0 = Release|Any CPU
		{118A5C47-FD6C-423B-9964-0B1768877102}.Debug|Any CPU.ActiveCfg = Debug|Any CPU
		{118A5C47-FD6C-423B-9964-0B1768877102}.Debug|Any CPU.Build.0 = Debug|Any CPU
		{118A5C47-FD6C-423B-9964-0B1768877102}.Release|Any CPU.ActiveCfg = Release|Any CPU
		{118A5C47-FD6C-423B-9964-0B1768877102}.Release|Any CPU.Build.0 = Release|Any CPU
		{7325271E-87FC-45E4-8CC1-E2A6843CFC1D}.Debug|Any CPU.ActiveCfg = Debug|Any CPU
		{7325271E-87FC-45E4-8CC1-E2A6843CFC1D}.Debug|Any CPU.Build.0 = Debug|Any CPU
		{7325271E-87FC-45E4-8CC1-E2A6843CFC1D}.Release|Any CPU.ActiveCfg = Release|Any CPU
		{7325271E-87FC-45E4-8CC1-E2A6843CFC1D}.Release|Any CPU.Build.0 = Release|Any CPU
		{0D2E7221-11A0-47B7-AFD8-5FCE9A2757B5}.Debug|Any CPU.ActiveCfg = Debug|Any CPU
		{0D2E7221-11A0-47B7-AFD8-5FCE9A2757B5}.Debug|Any CPU.Build.0 = Debug|Any CPU
		{0D2E7221-11A0-47B7-AFD8-5FCE9A2757B5}.Release|Any CPU.ActiveCfg = Release|Any CPU
		{0D2E7221-11A0-47B7-AFD8-5FCE9A2757B5}.Release|Any CPU.Build.0 = Release|Any CPU
		{C7C325A3-291C-48DD-8256-86E674EEB2EC}.Debug|Any CPU.ActiveCfg = Debug|Any CPU
		{C7C325A3-291C-48DD-8256-86E674EEB2EC}.Debug|Any CPU.Build.0 = Debug|Any CPU
		{C7C325A3-291C-48DD-8256-86E674EEB2EC}.Release|Any CPU.ActiveCfg = Release|Any CPU
		{C7C325A3-291C-48DD-8256-86E674EEB2EC}.Release|Any CPU.Build.0 = Release|Any CPU
		{623A8E6A-7E1F-429B-A6F2-6E159452CAA6}.Debug|Any CPU.ActiveCfg = Debug|Any CPU
		{623A8E6A-7E1F-429B-A6F2-6E159452CAA6}.Debug|Any CPU.Build.0 = Debug|Any CPU
		{623A8E6A-7E1F-429B-A6F2-6E159452CAA6}.Release|Any CPU.ActiveCfg = Release|Any CPU
		{623A8E6A-7E1F-429B-A6F2-6E159452CAA6}.Release|Any CPU.Build.0 = Release|Any CPU
		{F9445BA0-7EC0-4A70-ADD1-8CBBDFBC10EE}.Debug|Any CPU.ActiveCfg = Debug|Any CPU
		{F9445BA0-7EC0-4A70-ADD1-8CBBDFBC10EE}.Debug|Any CPU.Build.0 = Debug|Any CPU
		{F9445BA0-7EC0-4A70-ADD1-8CBBDFBC10EE}.Release|Any CPU.ActiveCfg = Release|Any CPU
		{F9445BA0-7EC0-4A70-ADD1-8CBBDFBC10EE}.Release|Any CPU.Build.0 = Release|Any CPU
		{95BF6851-D383-4938-83A3-0DFAF365FBF2}.Debug|Any CPU.ActiveCfg = Debug|Any CPU
		{95BF6851-D383-4938-83A3-0DFAF365FBF2}.Debug|Any CPU.Build.0 = Debug|Any CPU
		{95BF6851-D383-4938-83A3-0DFAF365FBF2}.Release|Any CPU.ActiveCfg = Release|Any CPU
		{95BF6851-D383-4938-83A3-0DFAF365FBF2}.Release|Any CPU.Build.0 = Release|Any CPU
		{9AE3178A-3704-414C-BB42-C7B3108B7452}.Debug|Any CPU.ActiveCfg = Debug|Any CPU
		{9AE3178A-3704-414C-BB42-C7B3108B7452}.Debug|Any CPU.Build.0 = Debug|Any CPU
		{9AE3178A-3704-414C-BB42-C7B3108B7452}.Release|Any CPU.ActiveCfg = Release|Any CPU
		{9AE3178A-3704-414C-BB42-C7B3108B7452}.Release|Any CPU.Build.0 = Release|Any CPU
		{D45DCA55-132E-4E24-8749-9A117C3F31B2}.Debug|Any CPU.ActiveCfg = Debug|Any CPU
		{D45DCA55-132E-4E24-8749-9A117C3F31B2}.Debug|Any CPU.Build.0 = Debug|Any CPU
		{D45DCA55-132E-4E24-8749-9A117C3F31B2}.Release|Any CPU.ActiveCfg = Release|Any CPU
		{D45DCA55-132E-4E24-8749-9A117C3F31B2}.Release|Any CPU.Build.0 = Release|Any CPU
		{36DEF7B7-AC6D-4D13-9A89-48EF963F79A2}.Debug|Any CPU.ActiveCfg = Debug|Any CPU
		{36DEF7B7-AC6D-4D13-9A89-48EF963F79A2}.Debug|Any CPU.Build.0 = Debug|Any CPU
		{36DEF7B7-AC6D-4D13-9A89-48EF963F79A2}.Release|Any CPU.ActiveCfg = Release|Any CPU
		{36DEF7B7-AC6D-4D13-9A89-48EF963F79A2}.Release|Any CPU.Build.0 = Release|Any CPU
		{A5979C5E-1A04-4A5C-B5C5-D39493DA07D0}.Debug|Any CPU.ActiveCfg = Debug|Any CPU
		{A5979C5E-1A04-4A5C-B5C5-D39493DA07D0}.Debug|Any CPU.Build.0 = Debug|Any CPU
		{A5979C5E-1A04-4A5C-B5C5-D39493DA07D0}.Release|Any CPU.ActiveCfg = Release|Any CPU
		{A5979C5E-1A04-4A5C-B5C5-D39493DA07D0}.Release|Any CPU.Build.0 = Release|Any CPU
		{9A6AEBCC-F045-4A60-B541-CB07F13CB9C8}.Debug|Any CPU.ActiveCfg = Debug|Any CPU
		{9A6AEBCC-F045-4A60-B541-CB07F13CB9C8}.Debug|Any CPU.Build.0 = Debug|Any CPU
		{9A6AEBCC-F045-4A60-B541-CB07F13CB9C8}.Release|Any CPU.ActiveCfg = Release|Any CPU
		{9A6AEBCC-F045-4A60-B541-CB07F13CB9C8}.Release|Any CPU.Build.0 = Release|Any CPU
		{650E357C-C084-4898-AB15-0D267EFBE91F}.Debug|Any CPU.ActiveCfg = Debug|Any CPU
		{650E357C-C084-4898-AB15-0D267EFBE91F}.Debug|Any CPU.Build.0 = Debug|Any CPU
		{650E357C-C084-4898-AB15-0D267EFBE91F}.Release|Any CPU.ActiveCfg = Release|Any CPU
		{650E357C-C084-4898-AB15-0D267EFBE91F}.Release|Any CPU.Build.0 = Release|Any CPU
		{0DBB020F-1438-4817-B951-8C61FD2AB93A}.Debug|Any CPU.ActiveCfg = Debug|Any CPU
		{0DBB020F-1438-4817-B951-8C61FD2AB93A}.Debug|Any CPU.Build.0 = Debug|Any CPU
		{0DBB020F-1438-4817-B951-8C61FD2AB93A}.Release|Any CPU.ActiveCfg = Release|Any CPU
		{0DBB020F-1438-4817-B951-8C61FD2AB93A}.Release|Any CPU.Build.0 = Release|Any CPU
		{88D4F619-338F-48DE-8A58-8D4BA483203B}.Debug|Any CPU.ActiveCfg = Debug|Any CPU
		{88D4F619-338F-48DE-8A58-8D4BA483203B}.Debug|Any CPU.Build.0 = Debug|Any CPU
		{88D4F619-338F-48DE-8A58-8D4BA483203B}.Release|Any CPU.ActiveCfg = Release|Any CPU
		{88D4F619-338F-48DE-8A58-8D4BA483203B}.Release|Any CPU.Build.0 = Release|Any CPU
		{313A2554-BAE3-41A9-B5D2-4E7BE26BF6CF}.Debug|Any CPU.ActiveCfg = Debug|Any CPU
		{313A2554-BAE3-41A9-B5D2-4E7BE26BF6CF}.Debug|Any CPU.Build.0 = Debug|Any CPU
		{313A2554-BAE3-41A9-B5D2-4E7BE26BF6CF}.Release|Any CPU.ActiveCfg = Release|Any CPU
		{313A2554-BAE3-41A9-B5D2-4E7BE26BF6CF}.Release|Any CPU.Build.0 = Release|Any CPU
		{A220029B-1097-4CD8-B27F-3EE924C3923F}.Debug|Any CPU.ActiveCfg = Debug|Any CPU
		{A220029B-1097-4CD8-B27F-3EE924C3923F}.Debug|Any CPU.Build.0 = Debug|Any CPU
		{A220029B-1097-4CD8-B27F-3EE924C3923F}.Release|Any CPU.ActiveCfg = Release|Any CPU
		{A220029B-1097-4CD8-B27F-3EE924C3923F}.Release|Any CPU.Build.0 = Release|Any CPU
		{904D14B8-58A8-40AE-A97B-3CB4453CB217}.Debug|Any CPU.ActiveCfg = Debug|Any CPU
		{904D14B8-58A8-40AE-A97B-3CB4453CB217}.Debug|Any CPU.Build.0 = Debug|Any CPU
		{904D14B8-58A8-40AE-A97B-3CB4453CB217}.Release|Any CPU.ActiveCfg = Release|Any CPU
		{904D14B8-58A8-40AE-A97B-3CB4453CB217}.Release|Any CPU.Build.0 = Release|Any CPU
		{003AC912-00A3-4046-9169-CE11F1CA7F1F}.Debug|Any CPU.ActiveCfg = Debug|Any CPU
		{003AC912-00A3-4046-9169-CE11F1CA7F1F}.Debug|Any CPU.Build.0 = Debug|Any CPU
		{003AC912-00A3-4046-9169-CE11F1CA7F1F}.Release|Any CPU.ActiveCfg = Release|Any CPU
		{003AC912-00A3-4046-9169-CE11F1CA7F1F}.Release|Any CPU.Build.0 = Release|Any CPU
	EndGlobalSection
	GlobalSection(SolutionProperties) = preSolution
		HideSolutionNode = FALSE
	EndGlobalSection
	GlobalSection(NestedProjects) = preSolution
		{118A5C47-FD6C-423B-9964-0B1768877102} = {C4882534-24E7-4D11-83B7-4849C423094D}
		{7325271E-87FC-45E4-8CC1-E2A6843CFC1D} = {C4882534-24E7-4D11-83B7-4849C423094D}
		{0D2E7221-11A0-47B7-AFD8-5FCE9A2757B5} = {C4882534-24E7-4D11-83B7-4849C423094D}
		{C7C325A3-291C-48DD-8256-86E674EEB2EC} = {C4882534-24E7-4D11-83B7-4849C423094D}
		{623A8E6A-7E1F-429B-A6F2-6E159452CAA6} = {5504B481-2DB2-45A4-A08B-46AB89E55894}
		{F9445BA0-7EC0-4A70-ADD1-8CBBDFBC10EE} = {5504B481-2DB2-45A4-A08B-46AB89E55894}
		{95BF6851-D383-4938-83A3-0DFAF365FBF2} = {5504B481-2DB2-45A4-A08B-46AB89E55894}
		{9AE3178A-3704-414C-BB42-C7B3108B7452} = {5504B481-2DB2-45A4-A08B-46AB89E55894}
		{D45DCA55-132E-4E24-8749-9A117C3F31B2} = {5504B481-2DB2-45A4-A08B-46AB89E55894}
		{36DEF7B7-AC6D-4D13-9A89-48EF963F79A2} = {590F9713-7071-419A-BE17-8AA3515357AC}
		{A5979C5E-1A04-4A5C-B5C5-D39493DA07D0} = {590F9713-7071-419A-BE17-8AA3515357AC}
		{9A6AEBCC-F045-4A60-B541-CB07F13CB9C8} = {590F9713-7071-419A-BE17-8AA3515357AC}
		{650E357C-C084-4898-AB15-0D267EFBE91F} = {171F645B-5C39-49E3-8DE7-7AC102BFC676}
		{0DBB020F-1438-4817-B951-8C61FD2AB93A} = {171F645B-5C39-49E3-8DE7-7AC102BFC676}
		{88D4F619-338F-48DE-8A58-8D4BA483203B} = {171F645B-5C39-49E3-8DE7-7AC102BFC676}
		{313A2554-BAE3-41A9-B5D2-4E7BE26BF6CF} = {2D88D303-654C-4107-B26A-4B44BD80C0F1}
		{A220029B-1097-4CD8-B27F-3EE924C3923F} = {2D88D303-654C-4107-B26A-4B44BD80C0F1}
		{904D14B8-58A8-40AE-A97B-3CB4453CB217} = {2D88D303-654C-4107-B26A-4B44BD80C0F1}
		{003AC912-00A3-4046-9169-CE11F1CA7F1F} = {2D88D303-654C-4107-B26A-4B44BD80C0F1}
	EndGlobalSection
	GlobalSection(ExtensibilityGlobals) = postSolution
		SolutionGuid = {5945D15F-CC1F-44A1-970D-A6EBCEF06D60}
	EndGlobalSection
EndGlobal
